
Microsoft Visual Studio Solution File, Format Version 12.00
# Visual Studio Version 16
VisualStudioVersion = 16.0.29709.97
MinimumVisualStudioVersion = 10.0.40219.1
Project("{FAE04EC0-301F-11D3-BF4B-00C04F79EFBC}") = "WpfWizardDemo", "WpfWizardDemo\WpfWizardDemo.csproj", "{0F89860F-492E-4B61-B7A3-AB8130859BF0}"
EndProject
Global
	GlobalSection(SolutionConfigurationPlatforms) = preSolution
		Debug|Any CPU = Debug|Any CPU
		Release|Any CPU = Release|Any CPU
	EndGlobalSection
	GlobalSection(ProjectConfigurationPlatforms) = postSolution
		{0F89860F-492E-4B61-B7A3-AB8130859BF0}.Debug|Any CPU.ActiveCfg = Debug|Any CPU
		{0F89860F-492E-4B61-B7A3-AB8130859BF0}.Debug|Any CPU.Build.0 = Debug|Any CPU
		{0F89860F-492E-4B61-B7A3-AB8130859BF0}.Release|Any CPU.ActiveCfg = Release|Any CPU
		{0F89860F-492E-4B61-B7A3-AB8130859BF0}.Release|Any CPU.Build.0 = Release|Any CPU
	EndGlobalSection
	GlobalSection(SolutionProperties) = preSolution
		HideSolutionNode = FALSE
	EndGlobalSection
	GlobalSection(ExtensibilityGlobals) = postSolution
		SolutionGuid = {36D11E32-EAD2-4DB7-A19D-934FF67718D8}
	EndGlobalSection
EndGlobal
